
Microsoft Visual Studio Solution File, Format Version 12.00
# Visual Studio Version 17
VisualStudioVersion = 17.6.33829.357
MinimumVisualStudioVersion = 10.0.40219.1
Project("{9A19103F-16F7-4668-BE54-9A1E7A4F7556}") = "Task", "Task\Task.csproj", "{3857718F-C3F1-47A0-850C-72AD47EDEAD1}"
EndProject
Project("{FAE04EC0-301F-11D3-BF4B-00C04F79EFBC}") = "TaskTest", "TaskTest\TaskTest.csproj", "{B09A6D32-7220-4E8D-90AF-F50B7B9E9DFE}"
EndProject
Global
	GlobalSection(SolutionConfigurationPlatforms) = preSolution
		Debug|Any CPU = Debug|Any CPU
		Release|Any CPU = Release|Any CPU
	EndGlobalSection
	GlobalSection(ProjectConfigurationPlatforms) = postSolution
		{3857718F-C3F1-47A0-850C-72AD47EDEAD1}.Debug|Any CPU.ActiveCfg = Debug|Any CPU
		{3857718F-C3F1-47A0-850C-72AD47EDEAD1}.Debug|Any CPU.Build.0 = Debug|Any CPU
		{3857718F-C3F1-47A0-850C-72AD47EDEAD1}.Release|Any CPU.ActiveCfg = Release|Any CPU
		{3857718F-C3F1-47A0-850C-72AD47EDEAD1}.Release|Any CPU.Build.0 = Release|Any CPU
		{B09A6D32-7220-4E8D-90AF-F50B7B9E9DFE}.Debug|Any CPU.ActiveCfg = Debug|Any CPU
		{B09A6D32-7220-4E8D-90AF-F50B7B9E9DFE}.Debug|Any CPU.Build.0 = Debug|Any CPU
		{B09A6D32-7220-4E8D-90AF-F50B7B9E9DFE}.Release|Any CPU.ActiveCfg = Release|Any CPU
		{B09A6D32-7220-4E8D-90AF-F50B7B9E9DFE}.Release|Any CPU.Build.0 = Release|Any CPU
	EndGlobalSection
	GlobalSection(SolutionProperties) = preSolution
		HideSolutionNode = FALSE
	EndGlobalSection
	GlobalSection(ExtensibilityGlobals) = postSolution
		SolutionGuid = {9BC253FD-229D-4ED8-9EF9-43D0D0D6D64C}
	EndGlobalSection
EndGlobal
